// !$*UTF8*$!
{
	archiveVersion = 1;
	classes = {
	};
	objectVersion = 56;
	objects = {

/* Begin PBXBuildFile section */
		DFE300202C8B6FD300A4B9EC /* MockURLSession.swift in Sources */ = {isa = PBXBuildFile; fileRef = DFE3001F2C8B6FD300A4B9EC /* MockURLSession.swift */; };
		DFE3FD812C81418700A4B9EC /* Networking.framework in Frameworks */ = {isa = PBXBuildFile; fileRef = DFE3FD782C81418700A4B9EC /* Networking.framework */; };
		DFE3FD862C81418700A4B9EC /* NetworkingTests.swift in Sources */ = {isa = PBXBuildFile; fileRef = DFE3FD852C81418700A4B9EC /* NetworkingTests.swift */; };
		DFE3FDE52C815C4800A4B9EC /* EnvironmentHelper.framework in Frameworks */ = {isa = PBXBuildFile; fileRef = DFE3FDE42C815C4800A4B9EC /* EnvironmentHelper.framework */; };
		DFE3FDE62C815C4800A4B9EC /* EnvironmentHelper.framework in Embed Frameworks */ = {isa = PBXBuildFile; fileRef = DFE3FDE42C815C4800A4B9EC /* EnvironmentHelper.framework */; settings = {ATTRIBUTES = (CodeSignOnCopy, RemoveHeadersOnCopy, ); }; };
		DFE3FEC02C82578300A4B9EC /* Log.swift in Sources */ = {isa = PBXBuildFile; fileRef = DFE3FEBF2C82578300A4B9EC /* Log.swift */; };
		DFE3FEC22C8257C200A4B9EC /* Endpoint.swift in Sources */ = {isa = PBXBuildFile; fileRef = DFE3FEC12C8257C200A4B9EC /* Endpoint.swift */; };
		DFE3FEC42C8257F300A4B9EC /* Network.swift in Sources */ = {isa = PBXBuildFile; fileRef = DFE3FEC32C8257F300A4B9EC /* Network.swift */; };
		DFE3FEC62C82581A00A4B9EC /* Response.swift in Sources */ = {isa = PBXBuildFile; fileRef = DFE3FEC52C82581A00A4B9EC /* Response.swift */; };
		DFE3FF362C838BE400A4B9EC /* Storage.framework in Frameworks */ = {isa = PBXBuildFile; fileRef = DFE3FF352C838BE400A4B9EC /* Storage.framework */; };
		DFE3FF372C838BE400A4B9EC /* Storage.framework in Embed Frameworks */ = {isa = PBXBuildFile; fileRef = DFE3FF352C838BE400A4B9EC /* Storage.framework */; settings = {ATTRIBUTES = (CodeSignOnCopy, RemoveHeadersOnCopy, ); }; };
		DFE3FF392C838D8900A4B9EC /* RefreshTokenService.swift in Sources */ = {isa = PBXBuildFile; fileRef = DFE3FF382C838D8900A4B9EC /* RefreshTokenService.swift */; };
		DFE3FF3C2C838DE700A4B9EC /* RefreshTokenEndpoint.swift in Sources */ = {isa = PBXBuildFile; fileRef = DFE3FF3B2C838DE700A4B9EC /* RefreshTokenEndpoint.swift */; };
		DFE3FF3E2C838F0100A4B9EC /* RefreshTokenPayload.swift in Sources */ = {isa = PBXBuildFile; fileRef = DFE3FF3D2C838F0100A4B9EC /* RefreshTokenPayload.swift */; };
		DFE3FF402C838F7800A4B9EC /* Commons.framework in Frameworks */ = {isa = PBXBuildFile; fileRef = DFE3FF3F2C838F7800A4B9EC /* Commons.framework */; };
		DFE3FF412C838F7800A4B9EC /* Commons.framework in Embed Frameworks */ = {isa = PBXBuildFile; fileRef = DFE3FF3F2C838F7800A4B9EC /* Commons.framework */; settings = {ATTRIBUTES = (CodeSignOnCopy, RemoveHeadersOnCopy, ); }; };
/* End PBXBuildFile section */

/* Begin PBXContainerItemProxy section */
		DFE3FD822C81418700A4B9EC /* PBXContainerItemProxy */ = {
			isa = PBXContainerItemProxy;
			containerPortal = DFE3FD6F2C81418700A4B9EC /* Project object */;
			proxyType = 1;
			remoteGlobalIDString = DFE3FD772C81418700A4B9EC;
			remoteInfo = Networking;
		};
/* End PBXContainerItemProxy section */

/* Begin PBXCopyFilesBuildPhase section */
		DFE3FDE72C815C4800A4B9EC /* Embed Frameworks */ = {
			isa = PBXCopyFilesBuildPhase;
			buildActionMask = 2147483647;
			dstPath = "";
			dstSubfolderSpec = 10;
			files = (
				DFE3FF372C838BE400A4B9EC /* Storage.framework in Embed Frameworks */,
				DFE3FDE62C815C4800A4B9EC /* EnvironmentHelper.framework in Embed Frameworks */,
				DFE3FF412C838F7800A4B9EC /* Commons.framework in Embed Frameworks */,
			);
			name = "Embed Frameworks";
			runOnlyForDeploymentPostprocessing = 0;
		};
/* End PBXCopyFilesBuildPhase section */

/* Begin PBXFileReference section */
		DFE3001F2C8B6FD300A4B9EC /* MockURLSession.swift */ = {isa = PBXFileReference; lastKnownFileType = sourcecode.swift; path = MockURLSession.swift; sourceTree = "<group>"; };
		DFE3FD782C81418700A4B9EC /* Networking.framework */ = {isa = PBXFileReference; explicitFileType = wrapper.framework; includeInIndex = 0; path = Networking.framework; sourceTree = BUILT_PRODUCTS_DIR; };
		DFE3FD802C81418700A4B9EC /* NetworkingTests.xctest */ = {isa = PBXFileReference; explicitFileType = wrapper.cfbundle; includeInIndex = 0; path = NetworkingTests.xctest; sourceTree = BUILT_PRODUCTS_DIR; };
		DFE3FD852C81418700A4B9EC /* NetworkingTests.swift */ = {isa = PBXFileReference; lastKnownFileType = sourcecode.swift; path = NetworkingTests.swift; sourceTree = "<group>"; };
		DFE3FDE42C815C4800A4B9EC /* EnvironmentHelper.framework */ = {isa = PBXFileReference; explicitFileType = wrapper.framework; path = EnvironmentHelper.framework; sourceTree = BUILT_PRODUCTS_DIR; };
		DFE3FEBF2C82578300A4B9EC /* Log.swift */ = {isa = PBXFileReference; lastKnownFileType = sourcecode.swift; path = Log.swift; sourceTree = "<group>"; };
		DFE3FEC12C8257C200A4B9EC /* Endpoint.swift */ = {isa = PBXFileReference; lastKnownFileType = sourcecode.swift; path = Endpoint.swift; sourceTree = "<group>"; };
		DFE3FEC32C8257F300A4B9EC /* Network.swift */ = {isa = PBXFileReference; lastKnownFileType = sourcecode.swift; path = Network.swift; sourceTree = "<group>"; };
		DFE3FEC52C82581A00A4B9EC /* Response.swift */ = {isa = PBXFileReference; lastKnownFileType = sourcecode.swift; path = Response.swift; sourceTree = "<group>"; };
		DFE3FF352C838BE400A4B9EC /* Storage.framework */ = {isa = PBXFileReference; explicitFileType = wrapper.framework; path = Storage.framework; sourceTree = BUILT_PRODUCTS_DIR; };
		DFE3FF382C838D8900A4B9EC /* RefreshTokenService.swift */ = {isa = PBXFileReference; lastKnownFileType = sourcecode.swift; path = RefreshTokenService.swift; sourceTree = "<group>"; };
		DFE3FF3B2C838DE700A4B9EC /* RefreshTokenEndpoint.swift */ = {isa = PBXFileReference; lastKnownFileType = sourcecode.swift; path = RefreshTokenEndpoint.swift; sourceTree = "<group>"; };
		DFE3FF3D2C838F0100A4B9EC /* RefreshTokenPayload.swift */ = {isa = PBXFileReference; lastKnownFileType = sourcecode.swift; path = RefreshTokenPayload.swift; sourceTree = "<group>"; };
		DFE3FF3F2C838F7800A4B9EC /* Commons.framework */ = {isa = PBXFileReference; explicitFileType = wrapper.framework; path = Commons.framework; sourceTree = BUILT_PRODUCTS_DIR; };
/* End PBXFileReference section */

/* Begin PBXFrameworksBuildPhase section */
		DFE3FD752C81418700A4B9EC /* Frameworks */ = {
			isa = PBXFrameworksBuildPhase;
			buildActionMask = 2147483647;
			files = (
				DFE3FF362C838BE400A4B9EC /* Storage.framework in Frameworks */,
				DFE3FDE52C815C4800A4B9EC /* EnvironmentHelper.framework in Frameworks */,
				DFE3FF402C838F7800A4B9EC /* Commons.framework in Frameworks */,
			);
			runOnlyForDeploymentPostprocessing = 0;
		};
		DFE3FD7D2C81418700A4B9EC /* Frameworks */ = {
			isa = PBXFrameworksBuildPhase;
			buildActionMask = 2147483647;
			files = (
				DFE3FD812C81418700A4B9EC /* Networking.framework in Frameworks */,
			);
			runOnlyForDeploymentPostprocessing = 0;
		};
/* End PBXFrameworksBuildPhase section */

/* Begin PBXGroup section */
		DFE3FD6E2C81418700A4B9EC = {
			isa = PBXGroup;
			children = (
				DFE3FD7A2C81418700A4B9EC /* Networking */,
				DFE3FD842C81418700A4B9EC /* NetworkingTests */,
				DFE3FD792C81418700A4B9EC /* Products */,
				DFE3FDE32C815C4800A4B9EC /* Frameworks */,
			);
			sourceTree = "<group>";
		};
		DFE3FD792C81418700A4B9EC /* Products */ = {
			isa = PBXGroup;
			children = (
				DFE3FD782C81418700A4B9EC /* Networking.framework */,
				DFE3FD802C81418700A4B9EC /* NetworkingTests.xctest */,
			);
			name = Products;
			sourceTree = "<group>";
		};
		DFE3FD7A2C81418700A4B9EC /* Networking */ = {
			isa = PBXGroup;
			children = (
				DFE3FF3A2C838DCF00A4B9EC /* RefreshToken */,
				DFE3FEBF2C82578300A4B9EC /* Log.swift */,
				DFE3FEC12C8257C200A4B9EC /* Endpoint.swift */,
				DFE3FEC32C8257F300A4B9EC /* Network.swift */,
				DFE3FEC52C82581A00A4B9EC /* Response.swift */,
			);
			path = Networking;
			sourceTree = "<group>";
		};
		DFE3FD842C81418700A4B9EC /* NetworkingTests */ = {
			isa = PBXGroup;
			children = (
				DFE3FD852C81418700A4B9EC /* NetworkingTests.swift */,
				DFE3001F2C8B6FD300A4B9EC /* MockURLSession.swift */,
			);
			path = NetworkingTests;
			sourceTree = "<group>";
		};
		DFE3FDE32C815C4800A4B9EC /* Frameworks */ = {
			isa = PBXGroup;
			children = (
				DFE3FF3F2C838F7800A4B9EC /* Commons.framework */,
				DFE3FF352C838BE400A4B9EC /* Storage.framework */,
				DFE3FDE42C815C4800A4B9EC /* EnvironmentHelper.framework */,
			);
			name = Frameworks;
			sourceTree = "<group>";
		};
		DFE3FF3A2C838DCF00A4B9EC /* RefreshToken */ = {
			isa = PBXGroup;
			children = (
				DFE3FF382C838D8900A4B9EC /* RefreshTokenService.swift */,
				DFE3FF3B2C838DE700A4B9EC /* RefreshTokenEndpoint.swift */,
				DFE3FF3D2C838F0100A4B9EC /* RefreshTokenPayload.swift */,
			);
			path = RefreshToken;
			sourceTree = "<group>";
		};
/* End PBXGroup section */

/* Begin PBXHeadersBuildPhase section */
		DFE3FD732C81418700A4B9EC /* Headers */ = {
			isa = PBXHeadersBuildPhase;
			buildActionMask = 2147483647;
			files = (
			);
			runOnlyForDeploymentPostprocessing = 0;
		};
/* End PBXHeadersBuildPhase section */

/* Begin PBXNativeTarget section */
		DFE3FD772C81418700A4B9EC /* Networking */ = {
			isa = PBXNativeTarget;
			buildConfigurationList = DFE3FD8A2C81418700A4B9EC /* Build configuration list for PBXNativeTarget "Networking" */;
			buildPhases = (
				DFE3FD732C81418700A4B9EC /* Headers */,
				DFE3FD742C81418700A4B9EC /* Sources */,
				DFE3FD752C81418700A4B9EC /* Frameworks */,
				DFE3FD762C81418700A4B9EC /* Resources */,
				DFE3FDE72C815C4800A4B9EC /* Embed Frameworks */,
			);
			buildRules = (
			);
			dependencies = (
			);
			name = Networking;
			productName = Networking;
			productReference = DFE3FD782C81418700A4B9EC /* Networking.framework */;
			productType = "com.apple.product-type.framework";
		};
		DFE3FD7F2C81418700A4B9EC /* NetworkingTests */ = {
			isa = PBXNativeTarget;
			buildConfigurationList = DFE3FD8D2C81418700A4B9EC /* Build configuration list for PBXNativeTarget "NetworkingTests" */;
			buildPhases = (
				DFE3FD7C2C81418700A4B9EC /* Sources */,
				DFE3FD7D2C81418700A4B9EC /* Frameworks */,
				DFE3FD7E2C81418700A4B9EC /* Resources */,
			);
			buildRules = (
			);
			dependencies = (
				DFE3FD832C81418700A4B9EC /* PBXTargetDependency */,
			);
			name = NetworkingTests;
			productName = NetworkingTests;
			productReference = DFE3FD802C81418700A4B9EC /* NetworkingTests.xctest */;
			productType = "com.apple.product-type.bundle.unit-test";
		};
/* End PBXNativeTarget section */

/* Begin PBXProject section */
		DFE3FD6F2C81418700A4B9EC /* Project object */ = {
			isa = PBXProject;
			attributes = {
				BuildIndependentTargetsInParallel = 1;
				LastSwiftUpdateCheck = 1520;
				LastUpgradeCheck = 1520;
				TargetAttributes = {
					DFE3FD772C81418700A4B9EC = {
						CreatedOnToolsVersion = 15.2;
						LastSwiftMigration = 1520;
					};
					DFE3FD7F2C81418700A4B9EC = {
						CreatedOnToolsVersion = 15.2;
					};
				};
			};
			buildConfigurationList = DFE3FD722C81418700A4B9EC /* Build configuration list for PBXProject "Networking" */;
			compatibilityVersion = "Xcode 14.0";
			developmentRegion = en;
			hasScannedForEncodings = 0;
			knownRegions = (
				en,
				Base,
			);
			mainGroup = DFE3FD6E2C81418700A4B9EC;
			productRefGroup = DFE3FD792C81418700A4B9EC /* Products */;
			projectDirPath = "";
			projectRoot = "";
			targets = (
				DFE3FD772C81418700A4B9EC /* Networking */,
				DFE3FD7F2C81418700A4B9EC /* NetworkingTests */,
			);
		};
/* End PBXProject section */

/* Begin PBXResourcesBuildPhase section */
		DFE3FD762C81418700A4B9EC /* Resources */ = {
			isa = PBXResourcesBuildPhase;
			buildActionMask = 2147483647;
			files = (
			);
			runOnlyForDeploymentPostprocessing = 0;
		};
		DFE3FD7E2C81418700A4B9EC /* Resources */ = {
			isa = PBXResourcesBuildPhase;
			buildActionMask = 2147483647;
			files = (
			);
			runOnlyForDeploymentPostprocessing = 0;
		};
/* End PBXResourcesBuildPhase section */

/* Begin PBXSourcesBuildPhase section */
		DFE3FD742C81418700A4B9EC /* Sources */ = {
			isa = PBXSourcesBuildPhase;
			buildActionMask = 2147483647;
			files = (
				DFE3FF3E2C838F0100A4B9EC /* RefreshTokenPayload.swift in Sources */,
				DFE3FF3C2C838DE700A4B9EC /* RefreshTokenEndpoint.swift in Sources */,
				DFE3FEC62C82581A00A4B9EC /* Response.swift in Sources */,
				DFE3FF392C838D8900A4B9EC /* RefreshTokenService.swift in Sources */,
				DFE3FEC02C82578300A4B9EC /* Log.swift in Sources */,
				DFE3FEC22C8257C200A4B9EC /* Endpoint.swift in Sources */,
				DFE3FEC42C8257F300A4B9EC /* Network.swift in Sources */,
			);
			runOnlyForDeploymentPostprocessing = 0;
		};
		DFE3FD7C2C81418700A4B9EC /* Sources */ = {
			isa = PBXSourcesBuildPhase;
			buildActionMask = 2147483647;
			files = (
				DFE300202C8B6FD300A4B9EC /* MockURLSession.swift in Sources */,
				DFE3FD862C81418700A4B9EC /* NetworkingTests.swift in Sources */,
			);
			runOnlyForDeploymentPostprocessing = 0;
		};
/* End PBXSourcesBuildPhase section */

/* Begin PBXTargetDependency section */
		DFE3FD832C81418700A4B9EC /* PBXTargetDependency */ = {
			isa = PBXTargetDependency;
			target = DFE3FD772C81418700A4B9EC /* Networking */;
			targetProxy = DFE3FD822C81418700A4B9EC /* PBXContainerItemProxy */;
		};
/* End PBXTargetDependency section */

/* Begin XCBuildConfiguration section */
		DFE3FD882C81418700A4B9EC /* DEV */ = {
			isa = XCBuildConfiguration;
			buildSettings = {
				ALWAYS_SEARCH_USER_PATHS = NO;
				ASSETCATALOG_COMPILER_GENERATE_SWIFT_ASSET_SYMBOL_EXTENSIONS = YES;
				CLANG_ANALYZER_NONNULL = YES;
				CLANG_ANALYZER_NUMBER_OBJECT_CONVERSION = YES_AGGRESSIVE;
				CLANG_CXX_LANGUAGE_STANDARD = "gnu++20";
				CLANG_ENABLE_MODULES = YES;
				CLANG_ENABLE_OBJC_ARC = YES;
				CLANG_ENABLE_OBJC_WEAK = YES;
				CLANG_WARN_BLOCK_CAPTURE_AUTORELEASING = YES;
				CLANG_WARN_BOOL_CONVERSION = YES;
				CLANG_WARN_COMMA = YES;
				CLANG_WARN_CONSTANT_CONVERSION = YES;
				CLANG_WARN_DEPRECATED_OBJC_IMPLEMENTATIONS = YES;
				CLANG_WARN_DIRECT_OBJC_ISA_USAGE = YES_ERROR;
				CLANG_WARN_DOCUMENTATION_COMMENTS = YES;
				CLANG_WARN_EMPTY_BODY = YES;
				CLANG_WARN_ENUM_CONVERSION = YES;
				CLANG_WARN_INFINITE_RECURSION = YES;
				CLANG_WARN_INT_CONVERSION = YES;
				CLANG_WARN_NON_LITERAL_NULL_CONVERSION = YES;
				CLANG_WARN_OBJC_IMPLICIT_RETAIN_SELF = YES;
				CLANG_WARN_OBJC_LITERAL_CONVERSION = YES;
				CLANG_WARN_OBJC_ROOT_CLASS = YES_ERROR;
				CLANG_WARN_QUOTED_INCLUDE_IN_FRAMEWORK_HEADER = YES;
				CLANG_WARN_RANGE_LOOP_ANALYSIS = YES;
				CLANG_WARN_STRICT_PROTOTYPES = YES;
				CLANG_WARN_SUSPICIOUS_MOVE = YES;
				CLANG_WARN_UNGUARDED_AVAILABILITY = YES_AGGRESSIVE;
				CLANG_WARN_UNREACHABLE_CODE = YES;
				CLANG_WARN__DUPLICATE_METHOD_MATCH = YES;
				COPY_PHASE_STRIP = NO;
				CURRENT_PROJECT_VERSION = 1;
				DEBUG_INFORMATION_FORMAT = dwarf;
				ENABLE_STRICT_OBJC_MSGSEND = YES;
				ENABLE_TESTABILITY = YES;
				ENABLE_USER_SCRIPT_SANDBOXING = YES;
				GCC_C_LANGUAGE_STANDARD = gnu17;
				GCC_DYNAMIC_NO_PIC = NO;
				GCC_NO_COMMON_BLOCKS = YES;
				GCC_OPTIMIZATION_LEVEL = 0;
				GCC_PREPROCESSOR_DEFINITIONS = (
					"DEBUG=1",
					"$(inherited)",
				);
				GCC_WARN_64_TO_32_BIT_CONVERSION = YES;
				GCC_WARN_ABOUT_RETURN_TYPE = YES_ERROR;
				GCC_WARN_UNDECLARED_SELECTOR = YES;
				GCC_WARN_UNINITIALIZED_AUTOS = YES_AGGRESSIVE;
				GCC_WARN_UNUSED_FUNCTION = YES;
				GCC_WARN_UNUSED_VARIABLE = YES;
				IPHONEOS_DEPLOYMENT_TARGET = 15.0;
				LOCALIZATION_PREFERS_STRING_CATALOGS = YES;
				MTL_ENABLE_DEBUG_INFO = INCLUDE_SOURCE;
				MTL_FAST_MATH = YES;
				ONLY_ACTIVE_ARCH = YES;
				SDKROOT = iphoneos;
				SWIFT_ACTIVE_COMPILATION_CONDITIONS = "DEBUG $(inherited)";
				SWIFT_OPTIMIZATION_LEVEL = "-Onone";
				VERSIONING_SYSTEM = "apple-generic";
				VERSION_INFO_PREFIX = "";
			};
			name = DEV;
		};
		DFE3FD892C81418700A4B9EC /* HML */ = {
			isa = XCBuildConfiguration;
			buildSettings = {
				ALWAYS_SEARCH_USER_PATHS = NO;
				ASSETCATALOG_COMPILER_GENERATE_SWIFT_ASSET_SYMBOL_EXTENSIONS = YES;
				CLANG_ANALYZER_NONNULL = YES;
				CLANG_ANALYZER_NUMBER_OBJECT_CONVERSION = YES_AGGRESSIVE;
				CLANG_CXX_LANGUAGE_STANDARD = "gnu++20";
				CLANG_ENABLE_MODULES = YES;
				CLANG_ENABLE_OBJC_ARC = YES;
				CLANG_ENABLE_OBJC_WEAK = YES;
				CLANG_WARN_BLOCK_CAPTURE_AUTORELEASING = YES;
				CLANG_WARN_BOOL_CONVERSION = YES;
				CLANG_WARN_COMMA = YES;
				CLANG_WARN_CONSTANT_CONVERSION = YES;
				CLANG_WARN_DEPRECATED_OBJC_IMPLEMENTATIONS = YES;
				CLANG_WARN_DIRECT_OBJC_ISA_USAGE = YES_ERROR;
				CLANG_WARN_DOCUMENTATION_COMMENTS = YES;
				CLANG_WARN_EMPTY_BODY = YES;
				CLANG_WARN_ENUM_CONVERSION = YES;
				CLANG_WARN_INFINITE_RECURSION = YES;
				CLANG_WARN_INT_CONVERSION = YES;
				CLANG_WARN_NON_LITERAL_NULL_CONVERSION = YES;
				CLANG_WARN_OBJC_IMPLICIT_RETAIN_SELF = YES;
				CLANG_WARN_OBJC_LITERAL_CONVERSION = YES;
				CLANG_WARN_OBJC_ROOT_CLASS = YES_ERROR;
				CLANG_WARN_QUOTED_INCLUDE_IN_FRAMEWORK_HEADER = YES;
				CLANG_WARN_RANGE_LOOP_ANALYSIS = YES;
				CLANG_WARN_STRICT_PROTOTYPES = YES;
				CLANG_WARN_SUSPICIOUS_MOVE = YES;
				CLANG_WARN_UNGUARDED_AVAILABILITY = YES_AGGRESSIVE;
				CLANG_WARN_UNREACHABLE_CODE = YES;
				CLANG_WARN__DUPLICATE_METHOD_MATCH = YES;
				COPY_PHASE_STRIP = NO;
				CURRENT_PROJECT_VERSION = 1;
				DEBUG_INFORMATION_FORMAT = "dwarf-with-dsym";
				ENABLE_NS_ASSERTIONS = NO;
				ENABLE_STRICT_OBJC_MSGSEND = YES;
				ENABLE_USER_SCRIPT_SANDBOXING = YES;
				GCC_C_LANGUAGE_STANDARD = gnu17;
				GCC_NO_COMMON_BLOCKS = YES;
				GCC_WARN_64_TO_32_BIT_CONVERSION = YES;
				GCC_WARN_ABOUT_RETURN_TYPE = YES_ERROR;
				GCC_WARN_UNDECLARED_SELECTOR = YES;
				GCC_WARN_UNINITIALIZED_AUTOS = YES_AGGRESSIVE;
				GCC_WARN_UNUSED_FUNCTION = YES;
				GCC_WARN_UNUSED_VARIABLE = YES;
				IPHONEOS_DEPLOYMENT_TARGET = 15.0;
				LOCALIZATION_PREFERS_STRING_CATALOGS = YES;
				MTL_ENABLE_DEBUG_INFO = NO;
				MTL_FAST_MATH = YES;
				SDKROOT = iphoneos;
				SWIFT_COMPILATION_MODE = wholemodule;
				VALIDATE_PRODUCT = YES;
				VERSIONING_SYSTEM = "apple-generic";
				VERSION_INFO_PREFIX = "";
			};
			name = HML;
		};
		DFE3FD8B2C81418700A4B9EC /* DEV */ = {
			isa = XCBuildConfiguration;
			buildSettings = {
				CLANG_ENABLE_MODULES = YES;
				CODE_SIGN_STYLE = Automatic;
				CURRENT_PROJECT_VERSION = 1;
				DEFINES_MODULE = YES;
				DEVELOPMENT_TEAM = JS3V8Q5K4H;
				DYLIB_COMPATIBILITY_VERSION = 1;
				DYLIB_CURRENT_VERSION = 1;
				DYLIB_INSTALL_NAME_BASE = "@rpath";
				ENABLE_MODULE_VERIFIER = YES;
				GENERATE_INFOPLIST_FILE = YES;
				INFOPLIST_KEY_NSHumanReadableCopyright = "";
				INSTALL_PATH = "$(LOCAL_LIBRARY_DIR)/Frameworks";
				LD_RUNPATH_SEARCH_PATHS = (
					"$(inherited)",
					"@executable_path/Frameworks",
					"@loader_path/Frameworks",
				);
				MARKETING_VERSION = 1.0;
				MODULE_VERIFIER_SUPPORTED_LANGUAGES = "objective-c objective-c++";
				MODULE_VERIFIER_SUPPORTED_LANGUAGE_STANDARDS = "gnu17 gnu++20";
				PRODUCT_BUNDLE_IDENTIFIER = br.com.yago.Networking;
				PRODUCT_NAME = "$(TARGET_NAME:c99extidentifier)";
				SKIP_INSTALL = YES;
				SWIFT_EMIT_LOC_STRINGS = YES;
				SWIFT_OPTIMIZATION_LEVEL = "-Onone";
				SWIFT_VERSION = 5.0;
				TARGETED_DEVICE_FAMILY = "1,2";
			};
			name = DEV;
		};
		DFE3FD8C2C81418700A4B9EC /* HML */ = {
			isa = XCBuildConfiguration;
			buildSettings = {
				CLANG_ENABLE_MODULES = YES;
				CODE_SIGN_STYLE = Automatic;
				CURRENT_PROJECT_VERSION = 1;
				DEFINES_MODULE = YES;
				DEVELOPMENT_TEAM = JS3V8Q5K4H;
				DYLIB_COMPATIBILITY_VERSION = 1;
				DYLIB_CURRENT_VERSION = 1;
				DYLIB_INSTALL_NAME_BASE = "@rpath";
				ENABLE_MODULE_VERIFIER = YES;
				GENERATE_INFOPLIST_FILE = YES;
				INFOPLIST_KEY_NSHumanReadableCopyright = "";
				INSTALL_PATH = "$(LOCAL_LIBRARY_DIR)/Frameworks";
				LD_RUNPATH_SEARCH_PATHS = (
					"$(inherited)",
					"@executable_path/Frameworks",
					"@loader_path/Frameworks",
				);
				MARKETING_VERSION = 1.0;
				MODULE_VERIFIER_SUPPORTED_LANGUAGES = "objective-c objective-c++";
				MODULE_VERIFIER_SUPPORTED_LANGUAGE_STANDARDS = "gnu17 gnu++20";
				PRODUCT_BUNDLE_IDENTIFIER = br.com.yago.Networking;
				PRODUCT_NAME = "$(TARGET_NAME:c99extidentifier)";
				SKIP_INSTALL = YES;
				SWIFT_EMIT_LOC_STRINGS = YES;
				SWIFT_VERSION = 5.0;
				TARGETED_DEVICE_FAMILY = "1,2";
			};
			name = HML;
		};
		DFE3FD8E2C81418700A4B9EC /* DEV */ = {
			isa = XCBuildConfiguration;
			buildSettings = {
				ALWAYS_EMBED_SWIFT_STANDARD_LIBRARIES = YES;
				CODE_SIGN_STYLE = Automatic;
				CURRENT_PROJECT_VERSION = 1;
				DEVELOPMENT_TEAM = JS3V8Q5K4H;
				GENERATE_INFOPLIST_FILE = YES;
				MARKETING_VERSION = 1.0;
				PRODUCT_BUNDLE_IDENTIFIER = br.com.yago.NetworkingTests;
				PRODUCT_NAME = "$(TARGET_NAME)";
				SWIFT_EMIT_LOC_STRINGS = NO;
				SWIFT_VERSION = 5.0;
				TARGETED_DEVICE_FAMILY = "1,2";
			};
			name = DEV;
		};
		DFE3FD8F2C81418700A4B9EC /* HML */ = {
			isa = XCBuildConfiguration;
			buildSettings = {
				ALWAYS_EMBED_SWIFT_STANDARD_LIBRARIES = YES;
				CODE_SIGN_STYLE = Automatic;
				CURRENT_PROJECT_VERSION = 1;
				DEVELOPMENT_TEAM = JS3V8Q5K4H;
				GENERATE_INFOPLIST_FILE = YES;
				MARKETING_VERSION = 1.0;
				PRODUCT_BUNDLE_IDENTIFIER = br.com.yago.NetworkingTests;
				PRODUCT_NAME = "$(TARGET_NAME)";
				SWIFT_EMIT_LOC_STRINGS = NO;
				SWIFT_VERSION = 5.0;
				TARGETED_DEVICE_FAMILY = "1,2";
			};
			name = HML;
		};
		DFE3FDB52C814DFB00A4B9EC /* PROD */ = {
			isa = XCBuildConfiguration;
			buildSettings = {
				ALWAYS_SEARCH_USER_PATHS = NO;
				ASSETCATALOG_COMPILER_GENERATE_SWIFT_ASSET_SYMBOL_EXTENSIONS = YES;
				CLANG_ANALYZER_NONNULL = YES;
				CLANG_ANALYZER_NUMBER_OBJECT_CONVERSION = YES_AGGRESSIVE;
				CLANG_CXX_LANGUAGE_STANDARD = "gnu++20";
				CLANG_ENABLE_MODULES = YES;
				CLANG_ENABLE_OBJC_ARC = YES;
				CLANG_ENABLE_OBJC_WEAK = YES;
				CLANG_WARN_BLOCK_CAPTURE_AUTORELEASING = YES;
				CLANG_WARN_BOOL_CONVERSION = YES;
				CLANG_WARN_COMMA = YES;
				CLANG_WARN_CONSTANT_CONVERSION = YES;
				CLANG_WARN_DEPRECATED_OBJC_IMPLEMENTATIONS = YES;
				CLANG_WARN_DIRECT_OBJC_ISA_USAGE = YES_ERROR;
				CLANG_WARN_DOCUMENTATION_COMMENTS = YES;
				CLANG_WARN_EMPTY_BODY = YES;
				CLANG_WARN_ENUM_CONVERSION = YES;
				CLANG_WARN_INFINITE_RECURSION = YES;
				CLANG_WARN_INT_CONVERSION = YES;
				CLANG_WARN_NON_LITERAL_NULL_CONVERSION = YES;
				CLANG_WARN_OBJC_IMPLICIT_RETAIN_SELF = YES;
				CLANG_WARN_OBJC_LITERAL_CONVERSION = YES;
				CLANG_WARN_OBJC_ROOT_CLASS = YES_ERROR;
				CLANG_WARN_QUOTED_INCLUDE_IN_FRAMEWORK_HEADER = YES;
				CLANG_WARN_RANGE_LOOP_ANALYSIS = YES;
				CLANG_WARN_STRICT_PROTOTYPES = YES;
				CLANG_WARN_SUSPICIOUS_MOVE = YES;
				CLANG_WARN_UNGUARDED_AVAILABILITY = YES_AGGRESSIVE;
				CLANG_WARN_UNREACHABLE_CODE = YES;
				CLANG_WARN__DUPLICATE_METHOD_MATCH = YES;
				COPY_PHASE_STRIP = NO;
				CURRENT_PROJECT_VERSION = 1;
				DEBUG_INFORMATION_FORMAT = dwarf;
				ENABLE_STRICT_OBJC_MSGSEND = YES;
				ENABLE_TESTABILITY = YES;
				ENABLE_USER_SCRIPT_SANDBOXING = YES;
				GCC_C_LANGUAGE_STANDARD = gnu17;
				GCC_DYNAMIC_NO_PIC = NO;
				GCC_NO_COMMON_BLOCKS = YES;
				GCC_OPTIMIZATION_LEVEL = 0;
				GCC_PREPROCESSOR_DEFINITIONS = (
					"DEBUG=1",
					"$(inherited)",
				);
				GCC_WARN_64_TO_32_BIT_CONVERSION = YES;
				GCC_WARN_ABOUT_RETURN_TYPE = YES_ERROR;
				GCC_WARN_UNDECLARED_SELECTOR = YES;
				GCC_WARN_UNINITIALIZED_AUTOS = YES_AGGRESSIVE;
				GCC_WARN_UNUSED_FUNCTION = YES;
				GCC_WARN_UNUSED_VARIABLE = YES;
				IPHONEOS_DEPLOYMENT_TARGET = 15.0;
				LOCALIZATION_PREFERS_STRING_CATALOGS = YES;
				MTL_ENABLE_DEBUG_INFO = INCLUDE_SOURCE;
				MTL_FAST_MATH = YES;
				ONLY_ACTIVE_ARCH = YES;
				SDKROOT = iphoneos;
				SWIFT_ACTIVE_COMPILATION_CONDITIONS = "DEBUG $(inherited)";
				SWIFT_OPTIMIZATION_LEVEL = "-Onone";
				VERSIONING_SYSTEM = "apple-generic";
				VERSION_INFO_PREFIX = "";
			};
			name = PROD;
		};
		DFE3FDB62C814DFB00A4B9EC /* PROD */ = {
			isa = XCBuildConfiguration;
			buildSettings = {
				CLANG_ENABLE_MODULES = YES;
				CODE_SIGN_STYLE = Automatic;
				CURRENT_PROJECT_VERSION = 1;
				DEFINES_MODULE = YES;
				DEVELOPMENT_TEAM = JS3V8Q5K4H;
				DYLIB_COMPATIBILITY_VERSION = 1;
				DYLIB_CURRENT_VERSION = 1;
				DYLIB_INSTALL_NAME_BASE = "@rpath";
				ENABLE_MODULE_VERIFIER = YES;
				GENERATE_INFOPLIST_FILE = YES;
				INFOPLIST_KEY_NSHumanReadableCopyright = "";
				INSTALL_PATH = "$(LOCAL_LIBRARY_DIR)/Frameworks";
				LD_RUNPATH_SEARCH_PATHS = (
					"$(inherited)",
					"@executable_path/Frameworks",
					"@loader_path/Frameworks",
				);
				MARKETING_VERSION = 1.0;
				MODULE_VERIFIER_SUPPORTED_LANGUAGES = "objective-c objective-c++";
				MODULE_VERIFIER_SUPPORTED_LANGUAGE_STANDARDS = "gnu17 gnu++20";
				PRODUCT_BUNDLE_IDENTIFIER = br.com.yago.Networking;
				PRODUCT_NAME = "$(TARGET_NAME:c99extidentifier)";
				SKIP_INSTALL = YES;
				SWIFT_EMIT_LOC_STRINGS = YES;
				SWIFT_OPTIMIZATION_LEVEL = "-Onone";
				SWIFT_VERSION = 5.0;
				TARGETED_DEVICE_FAMILY = "1,2";
			};
			name = PROD;
		};
		DFE3FDB72C814DFB00A4B9EC /* PROD */ = {
			isa = XCBuildConfiguration;
			buildSettings = {
				ALWAYS_EMBED_SWIFT_STANDARD_LIBRARIES = YES;
				CODE_SIGN_STYLE = Automatic;
				CURRENT_PROJECT_VERSION = 1;
				DEVELOPMENT_TEAM = JS3V8Q5K4H;
				GENERATE_INFOPLIST_FILE = YES;
				MARKETING_VERSION = 1.0;
				PRODUCT_BUNDLE_IDENTIFIER = br.com.yago.NetworkingTests;
				PRODUCT_NAME = "$(TARGET_NAME)";
				SWIFT_EMIT_LOC_STRINGS = NO;
				SWIFT_VERSION = 5.0;
				TARGETED_DEVICE_FAMILY = "1,2";
			};
			name = PROD;
		};
/* End XCBuildConfiguration section */

/* Begin XCConfigurationList section */
		DFE3FD722C81418700A4B9EC /* Build configuration list for PBXProject "Networking" */ = {
			isa = XCConfigurationList;
			buildConfigurations = (
				DFE3FD882C81418700A4B9EC /* DEV */,
				DFE3FDB52C814DFB00A4B9EC /* PROD */,
				DFE3FD892C81418700A4B9EC /* HML */,
			);
			defaultConfigurationIsVisible = 0;
			defaultConfigurationName = DEV;
		};
		DFE3FD8A2C81418700A4B9EC /* Build configuration list for PBXNativeTarget "Networking" */ = {
			isa = XCConfigurationList;
			buildConfigurations = (
				DFE3FD8B2C81418700A4B9EC /* DEV */,
				DFE3FDB62C814DFB00A4B9EC /* PROD */,
				DFE3FD8C2C81418700A4B9EC /* HML */,
			);
			defaultConfigurationIsVisible = 0;
			defaultConfigurationName = DEV;
		};
		DFE3FD8D2C81418700A4B9EC /* Build configuration list for PBXNativeTarget "NetworkingTests" */ = {
			isa = XCConfigurationList;
			buildConfigurations = (
				DFE3FD8E2C81418700A4B9EC /* DEV */,
				DFE3FDB72C814DFB00A4B9EC /* PROD */,
				DFE3FD8F2C81418700A4B9EC /* HML */,
			);
			defaultConfigurationIsVisible = 0;
			defaultConfigurationName = DEV;
		};
/* End XCConfigurationList section */
	};
	rootObject = DFE3FD6F2C81418700A4B9EC /* Project object */;
}
